
Microsoft Visual Studio Solution File, Format Version 12.00
# Visual Studio 2013
Project("{FAE04EC0-301F-11D3-BF4B-00C04F79EFBC}") = "UnityVS.Prototype-MiniGolf.CSharp.Editor", "UnityVS.Prototype-MiniGolf.CSharp.Editor.csproj", "{EA7F09E5-BDDA-332C-E7D3-5D4437090FF3}"
EndProject
Project("{FAE04EC0-301F-11D3-BF4B-00C04F79EFBC}") = "UnityVS.Prototype-MiniGolf.CSharp", "UnityVS.Prototype-MiniGolf.CSharp.csproj", "{AA5491F8-4BF0-D62B-417D-39349A5489E6}"
EndProject
Global
	GlobalSection(SolutionConfigurationPlatforms) = preSolution
		Debug|Any CPU = Debug|Any CPU
		Release|Any CPU = Release|Any CPU
	EndGlobalSection
	GlobalSection(ProjectConfigurationPlatforms) = postSolution
		{EA7F09E5-BDDA-332C-E7D3-5D4437090FF3}.Debug|Any CPU.ActiveCfg = Debug|Any CPU
		{EA7F09E5-BDDA-332C-E7D3-5D4437090FF3}.Debug|Any CPU.Build.0 = Debug|Any CPU
		{EA7F09E5-BDDA-332C-E7D3-5D4437090FF3}.Release|Any CPU.ActiveCfg = Release|Any CPU
		{EA7F09E5-BDDA-332C-E7D3-5D4437090FF3}.Release|Any CPU.Build.0 = Release|Any CPU
		{AA5491F8-4BF0-D62B-417D-39349A5489E6}.Debug|Any CPU.ActiveCfg = Debug|Any CPU
		{AA5491F8-4BF0-D62B-417D-39349A5489E6}.Debug|Any CPU.Build.0 = Debug|Any CPU
		{AA5491F8-4BF0-D62B-417D-39349A5489E6}.Release|Any CPU.ActiveCfg = Release|Any CPU
		{AA5491F8-4BF0-D62B-417D-39349A5489E6}.Release|Any CPU.Build.0 = Release|Any CPU
	EndGlobalSection
	GlobalSection(SolutionProperties) = preSolution
		HideSolutionNode = FALSE
	EndGlobalSection
EndGlobal
